Microsoft Visual Studio Solution File, Format Version 12.00
# Visual Studio Version 16
VisualStudioVersion = 16.0.28701.123
MinimumVisualStudioVersion = 10.0.40219.1
Project("{FAE04EC0-301F-11D3-BF4B-00C04F79EFBC}") = "V1_Trade.App", "src\\App\\V1_Trade.App.csproj", "{d414cd6a-34bb-4c7d-b220-479863802bd5}"
EndProject
Global
    GlobalSection(SolutionConfigurationPlatforms) = preSolution
        Debug|Any CPU = Debug|Any CPU
        Release|Any CPU = Release|Any CPU
    EndGlobalSection
    GlobalSection(ProjectConfigurationPlatforms) = postSolution
        {d414cd6a-34bb-4c7d-b220-479863802bd5}.Debug|Any CPU.ActiveCfg = Debug|Any CPU
        {d414cd6a-34bb-4c7d-b220-479863802bd5}.Debug|Any CPU.Build.0 = Debug|Any CPU
        {d414cd6a-34bb-4c7d-b220-479863802bd5}.Release|Any CPU.ActiveCfg = Release|Any CPU
        {d414cd6a-34bb-4c7d-b220-479863802bd5}.Release|Any CPU.Build.0 = Release|Any CPU
    EndGlobalSection
    GlobalSection(SolutionProperties) = preSolution
        HideSolutionNode = FALSE
    EndGlobalSection
EndGlobal
